
Microsoft Visual Studio Solution File, Format Version 12.00
# Visual Studio Version 16
VisualStudioVersion = 16.0.29424.173
MinimumVisualStudioVersion = 10.0.40219.1
Project("{FAE04EC0-301F-11D3-BF4B-00C04F79EFBC}") = "ComicsDB", "ComicsDB\ComicsDB.csproj", "{4DC1F781-1F59-4773-BBC1-B9BB8EE863F3}"
EndProject
Global
	GlobalSection(SolutionConfigurationPlatforms) = preSolution
		Debug|Any CPU = Debug|Any CPU
		Release|Any CPU = Release|Any CPU
	EndGlobalSection
	GlobalSection(ProjectConfigurationPlatforms) = postSolution
		{4DC1F781-1F59-4773-BBC1-B9BB8EE863F3}.Debug|Any CPU.ActiveCfg = Debug|Any CPU
		{4DC1F781-1F59-4773-BBC1-B9BB8EE863F3}.Debug|Any CPU.Build.0 = Debug|Any CPU
		{4DC1F781-1F59-4773-BBC1-B9BB8EE863F3}.Release|Any CPU.ActiveCfg = Release|Any CPU
		{4DC1F781-1F59-4773-BBC1-B9BB8EE863F3}.Release|Any CPU.Build.0 = Release|Any CPU
	EndGlobalSection
	GlobalSection(SolutionProperties) = preSolution
		HideSolutionNode = FALSE
	EndGlobalSection
	GlobalSection(ExtensibilityGlobals) = postSolution
		SolutionGuid = {1C483576-D27A-4633-A483-B03A3FD91E1E}
	EndGlobalSection
EndGlobal
